
Microsoft Visual Studio Solution File, Format Version 12.00
# Visual Studio Version 17
VisualStudioVersion = 17.13.35818.85
MinimumVisualStudioVersion = 10.0.40219.1
Project("{FAE04EC0-301F-11D3-BF4B-00C04F79EFBC}") = "Leasing.Domain", "Leasing.Domain\Leasing.Domain.csproj", "{5958B6E8-4DFD-415E-809C-912E1CD20299}"
EndProject
Project("{FAE04EC0-301F-11D3-BF4B-00C04F79EFBC}") = "Leasing.Application", "Leasing.Application\Leasing.Application.csproj", "{2A2734E8-B71D-42DC-BCB4-D578371219FA}"
EndProject
Project("{FAE04EC0-301F-11D3-BF4B-00C04F79EFBC}") = "Leasing.Infrastructure", "Leasing.Infrastructure\Leasing.Infrastructure.csproj", "{524DFBAC-EE41-4CC7-9740-2BA42673AB5F}"
EndProject
Project("{FAE04EC0-301F-11D3-BF4B-00C04F79EFBC}") = "Leasing.Presentation", "Leasing.Presentation\Leasing.Presentation.csproj", "{96EEDDFD-C087-4CE4-AAB9-04E6933B9AC2}"
EndProject
Project("{2150E333-8FDC-42A3-9474-1A3956D46DE8}") = "Frontend", "Frontend", "{02EA681E-C7D8-13C7-8484-4AC65E1B71E8}"
	ProjectSection(SolutionItems) = preProject
		frontend\.gitignore = frontend\.gitignore
		frontend\next.config.ts = frontend\next.config.ts
		frontend\package-lock.json = frontend\package-lock.json
		frontend\package.json = frontend\package.json
		frontend\postcss.config.mjs = frontend\postcss.config.mjs
		frontend\README.md = frontend\README.md
		frontend\tailwind.config.ts = frontend\tailwind.config.ts
		frontend\tsconfig.json = frontend\tsconfig.json
	EndProjectSection
EndProject
Global
	GlobalSection(SolutionConfigurationPlatforms) = preSolution
		Debug|Any CPU = Debug|Any CPU
		Release|Any CPU = Release|Any CPU
	EndGlobalSection
	GlobalSection(ProjectConfigurationPlatforms) = postSolution
		{5958B6E8-4DFD-415E-809C-912E1CD20299}.Debug|Any CPU.ActiveCfg = Debug|Any CPU
		{5958B6E8-4DFD-415E-809C-912E1CD20299}.Debug|Any CPU.Build.0 = Debug|Any CPU
		{5958B6E8-4DFD-415E-809C-912E1CD20299}.Release|Any CPU.ActiveCfg = Release|Any CPU
		{5958B6E8-4DFD-415E-809C-912E1CD20299}.Release|Any CPU.Build.0 = Release|Any CPU
		{2A2734E8-B71D-42DC-BCB4-D578371219FA}.Debug|Any CPU.ActiveCfg = Debug|Any CPU
		{2A2734E8-B71D-42DC-BCB4-D578371219FA}.Debug|Any CPU.Build.0 = Debug|Any CPU
		{2A2734E8-B71D-42DC-BCB4-D578371219FA}.Release|Any CPU.ActiveCfg = Release|Any CPU
		{2A2734E8-B71D-42DC-BCB4-D578371219FA}.Release|Any CPU.Build.0 = Release|Any CPU
		{524DFBAC-EE41-4CC7-9740-2BA42673AB5F}.Debug|Any CPU.ActiveCfg = Debug|Any CPU
		{524DFBAC-EE41-4CC7-9740-2BA42673AB5F}.Debug|Any CPU.Build.0 = Debug|Any CPU
		{524DFBAC-EE41-4CC7-9740-2BA42673AB5F}.Release|Any CPU.ActiveCfg = Release|Any CPU
		{524DFBAC-EE41-4CC7-9740-2BA42673AB5F}.Release|Any CPU.Build.0 = Release|Any CPU
		{96EEDDFD-C087-4CE4-AAB9-04E6933B9AC2}.Debug|Any CPU.ActiveCfg = Debug|Any CPU
		{96EEDDFD-C087-4CE4-AAB9-04E6933B9AC2}.Debug|Any CPU.Build.0 = Debug|Any CPU
		{96EEDDFD-C087-4CE4-AAB9-04E6933B9AC2}.Release|Any CPU.ActiveCfg = Release|Any CPU
		{96EEDDFD-C087-4CE4-AAB9-04E6933B9AC2}.Release|Any CPU.Build.0 = Release|Any CPU
	EndGlobalSection
	GlobalSection(SolutionProperties) = preSolution
		HideSolutionNode = FALSE
	EndGlobalSection
	GlobalSection(ExtensibilityGlobals) = postSolution
		SolutionGuid = {0BEBDDB6-8321-4A05-B965-9679E9F945E4}
	EndGlobalSection
EndGlobal
